Microsoft Visual Studio Solution File, Format Version 12.00
# Visual Studio Version 17
VisualStudioVersion = 17.5.2.0
MinimumVisualStudioVersion = 10.0.40219.1
Project("{FAE04EC0-301F-11D3-BF4B-00C04F79EFBC}") = "BrainX.Api", "BrainX.Api.csproj", "{EC943297-F0C2-07A8-9B1A-817804A9EE14}"
EndProject
Global
	GlobalSection(SolutionConfigurationPlatforms) = preSolution
		Debug|Any CPU = Debug|Any CPU
		Release|Any CPU = Release|Any CPU
	EndGlobalSection
	GlobalSection(ProjectConfigurationPlatforms) = postSolution
		{EC943297-F0C2-07A8-9B1A-817804A9EE14}.Debug|Any CPU.ActiveCfg = Debug|Any CPU
		{EC943297-F0C2-07A8-9B1A-817804A9EE14}.Debug|Any CPU.Build.0 = Debug|Any CPU
		{EC943297-F0C2-07A8-9B1A-817804A9EE14}.Release|Any CPU.ActiveCfg = Release|Any CPU
		{EC943297-F0C2-07A8-9B1A-817804A9EE14}.Release|Any CPU.Build.0 = Release|Any CPU
	EndGlobalSection
	GlobalSection(SolutionProperties) = preSolution
		HideSolutionNode = FALSE
	EndGlobalSection
	GlobalSection(ExtensibilityGlobals) = postSolution
		SolutionGuid = {492A9FC9-A472-48A7-AAE3-3F1711472E5A}
	EndGlobalSection
EndGlobal
